
Microsoft Visual Studio Solution File, Format Version 12.00
# Visual Studio Version 16
VisualStudioVersion = 16.0.31205.134
MinimumVisualStudioVersion = 10.0.40219.1
Project("{FAE04EC0-301F-11D3-BF4B-00C04F79EFBC}") = "LoL_MatchAccepter", "LoL_MatchAccepter\LoL_MatchAccepter.csproj", "{50FBB529-EE96-44FA-8419-6A039646E9AF}"
EndProject
Global
	GlobalSection(SolutionConfigurationPlatforms) = preSolution
		Debug|Any CPU = Debug|Any CPU
		Release|Any CPU = Release|Any CPU
	EndGlobalSection
	GlobalSection(ProjectConfigurationPlatforms) = postSolution
		{50FBB529-EE96-44FA-8419-6A039646E9AF}.Debug|Any CPU.ActiveCfg = Debug|Any CPU
		{50FBB529-EE96-44FA-8419-6A039646E9AF}.Debug|Any CPU.Build.0 = Debug|Any CPU
		{50FBB529-EE96-44FA-8419-6A039646E9AF}.Release|Any CPU.ActiveCfg = Release|Any CPU
		{50FBB529-EE96-44FA-8419-6A039646E9AF}.Release|Any CPU.Build.0 = Release|Any CPU
	EndGlobalSection
	GlobalSection(SolutionProperties) = preSolution
		HideSolutionNode = FALSE
	EndGlobalSection
	GlobalSection(ExtensibilityGlobals) = postSolution
		SolutionGuid = {E7D5DF5F-9E4E-41E4-823A-492CA2AC2855}
	EndGlobalSection
EndGlobal
